// !$*UTF8*$!
{
	archiveVersion = 1;
	classes = {
	};
	objectVersion = 55;
	objects = {

/* Begin PBXBuildFile section */
		F975B34C28A58D3D00E4225C /* Crypto_AppApp.swift in Sources */ = {isa = PBXBuildFile; fileRef = F975B34B28A58D3D00E4225C /* Crypto_AppApp.swift */; };
		F975B34E28A58D3E00E4225C /* ContentView.swift in Sources */ = {isa = PBXBuildFile; fileRef = F975B34D28A58D3E00E4225C /* ContentView.swift */; };
		F975B35028A58D3E00E4225C /* Assets.xcassets in Resources */ = {isa = PBXBuildFile; fileRef = F975B34F28A58D3E00E4225C /* Assets.xcassets */; };
		F975B35328A58D3E00E4225C /* Preview Assets.xcassets in Resources */ = {isa = PBXBuildFile; fileRef = F975B35228A58D3E00E4225C /* Preview Assets.xcassets */; };
		F99FDA6A28A5923D001498BE /* Color.swift in Sources */ = {isa = PBXBuildFile; fileRef = F99FDA6928A5923D001498BE /* Color.swift */; };
		F99FDA7228A59657001498BE /* HomeView.swift in Sources */ = {isa = PBXBuildFile; fileRef = F99FDA7128A59657001498BE /* HomeView.swift */; };
		F99FDA7628A59765001498BE /* CircleButtonView.swift in Sources */ = {isa = PBXBuildFile; fileRef = F99FDA7528A59765001498BE /* CircleButtonView.swift */; };
		F99FDA7828A59F3C001498BE /* CircleButtonAnimationView.swift in Sources */ = {isa = PBXBuildFile; fileRef = F99FDA7728A59F3C001498BE /* CircleButtonAnimationView.swift */; };
		F99FDA7B28A5A900001498BE /* Coin.swift in Sources */ = {isa = PBXBuildFile; fileRef = F99FDA7A28A5A900001498BE /* Coin.swift */; };
/* End PBXBuildFile section */

/* Begin PBXFileReference section */
		F975B34828A58D3D00E4225C /* Crypto Tracker.app */ = {isa = PBXFileReference; explicitFileType = wrapper.application; includeInIndex = 0; path = "Crypto Tracker.app"; sourceTree = BUILT_PRODUCTS_DIR; };
		F975B34B28A58D3D00E4225C /* Crypto_AppApp.swift */ = {isa = PBXFileReference; lastKnownFileType = sourcecode.swift; path = Crypto_AppApp.swift; sourceTree = "<group>"; };
		F975B34D28A58D3E00E4225C /* ContentView.swift */ = {isa = PBXFileReference; lastKnownFileType = sourcecode.swift; path = ContentView.swift; sourceTree = "<group>"; };
		F975B34F28A58D3E00E4225C /* Assets.xcassets */ = {isa = PBXFileReference; lastKnownFileType = folder.assetcatalog; path = Assets.xcassets; sourceTree = "<group>"; };
		F975B35228A58D3E00E4225C /* Preview Assets.xcassets */ = {isa = PBXFileReference; lastKnownFileType = folder.assetcatalog; path = "Preview Assets.xcassets"; sourceTree = "<group>"; };
		F99FDA6928A5923D001498BE /* Color.swift */ = {isa = PBXFileReference; fileEncoding = 4; lastKnownFileType = sourcecode.swift; path = Color.swift; sourceTree = "<group>"; };
		F99FDA7128A59657001498BE /* HomeView.swift */ = {isa = PBXFileReference; lastKnownFileType = sourcecode.swift; path = HomeView.swift; sourceTree = "<group>"; };
		F99FDA7528A59765001498BE /* CircleButtonView.swift */ = {isa = PBXFileReference; lastKnownFileType = sourcecode.swift; path = CircleButtonView.swift; sourceTree = "<group>"; };
		F99FDA7728A59F3C001498BE /* CircleButtonAnimationView.swift */ = {isa = PBXFileReference; lastKnownFileType = sourcecode.swift; path = CircleButtonAnimationView.swift; sourceTree = "<group>"; };
		F99FDA7A28A5A900001498BE /* Coin.swift */ = {isa = PBXFileReference; lastKnownFileType = sourcecode.swift; path = Coin.swift; sourceTree = "<group>"; };
/* End PBXFileReference section */

/* Begin PBXFrameworksBuildPhase section */
		F975B34528A58D3D00E4225C /* Frameworks */ = {
			isa = PBXFrameworksBuildPhase;
			buildActionMask = 2147483647;
			files = (
			);
			runOnlyForDeploymentPostprocessing = 0;
		};
/* End PBXFrameworksBuildPhase section */

/* Begin PBXGroup section */
		F975B33F28A58D3D00E4225C = {
			isa = PBXGroup;
			children = (
				F975B34A28A58D3D00E4225C /* Crypto App */,
				F975B34928A58D3D00E4225C /* Products */,
			);
			sourceTree = "<group>";
		};
		F975B34928A58D3D00E4225C /* Products */ = {
			isa = PBXGroup;
			children = (
				F975B34828A58D3D00E4225C /* Crypto Tracker.app */,
			);
			name = Products;
			sourceTree = "<group>";
		};
		F975B34A28A58D3D00E4225C /* Crypto App */ = {
			isa = PBXGroup;
			children = (
				F99FDA7928A5A8EF001498BE /* Models */,
				F99FDA6B28A595D7001498BE /* Core */,
				F99FDA6828A5922E001498BE /* Extensions */,
				F975B34B28A58D3D00E4225C /* Crypto_AppApp.swift */,
				F975B34D28A58D3E00E4225C /* ContentView.swift */,
				F975B34F28A58D3E00E4225C /* Assets.xcassets */,
				F975B35128A58D3E00E4225C /* Preview Content */,
			);
			path = "Crypto App";
			sourceTree = "<group>";
		};
		F975B35128A58D3E00E4225C /* Preview Content */ = {
			isa = PBXGroup;
			children = (
				F975B35228A58D3E00E4225C /* Preview Assets.xcassets */,
			);
			path = "Preview Content";
			sourceTree = "<group>";
		};
		F99FDA6828A5922E001498BE /* Extensions */ = {
			isa = PBXGroup;
			children = (
				F99FDA6928A5923D001498BE /* Color.swift */,
			);
			path = Extensions;
			sourceTree = "<group>";
		};
		F99FDA6B28A595D7001498BE /* Core */ = {
			isa = PBXGroup;
			children = (
				F99FDA7328A5971B001498BE /* Components */,
				F99FDA6C28A595E0001498BE /* Home */,
			);
			path = Core;
			sourceTree = "<group>";
		};
		F99FDA6C28A595E0001498BE /* Home */ = {
			isa = PBXGroup;
			children = (
				F99FDA6E28A595F1001498BE /* Views */,
				F99FDA6D28A595E9001498BE /* ViewModels */,
			);
			path = Home;
			sourceTree = "<group>";
		};
		F99FDA6D28A595E9001498BE /* ViewModels */ = {
			isa = PBXGroup;
			children = (
			);
			path = ViewModels;
			sourceTree = "<group>";
		};
		F99FDA6E28A595F1001498BE /* Views */ = {
			isa = PBXGroup;
			children = (
				F99FDA7128A59657001498BE /* HomeView.swift */,
			);
			path = Views;
			sourceTree = "<group>";
		};
		F99FDA7328A5971B001498BE /* Components */ = {
			isa = PBXGroup;
			children = (
				F99FDA7428A59753001498BE /* CircleButton */,
			);
			path = Components;
			sourceTree = "<group>";
		};
		F99FDA7428A59753001498BE /* CircleButton */ = {
			isa = PBXGroup;
			children = (
				F99FDA7528A59765001498BE /* CircleButtonView.swift */,
				F99FDA7728A59F3C001498BE /* CircleButtonAnimationView.swift */,
			);
			path = CircleButton;
			sourceTree = "<group>";
		};
		F99FDA7928A5A8EF001498BE /* Models */ = {
			isa = PBXGroup;
			children = (
				F99FDA7A28A5A900001498BE /* Coin.swift */,
			);
			path = Models;
			sourceTree = "<group>";
		};
/* End PBXGroup section */

/* Begin PBXNativeTarget section */
		F975B34728A58D3D00E4225C /* Crypto App */ = {
			isa = PBXNativeTarget;
			buildConfigurationList = F975B35628A58D3E00E4225C /* Build configuration list for PBXNativeTarget "Crypto App" */;
			buildPhases = (
				F975B34428A58D3D00E4225C /* Sources */,
				F975B34528A58D3D00E4225C /* Frameworks */,
				F975B34628A58D3D00E4225C /* Resources */,
			);
			buildRules = (
			);
			dependencies = (
			);
			name = "Crypto App";
			productName = "Crypto App";
			productReference = F975B34828A58D3D00E4225C /* Crypto Tracker.app */;
			productType = "com.apple.product-type.application";
		};
/* End PBXNativeTarget section */

/* Begin PBXProject section */
		F975B34028A58D3D00E4225C /* Project object */ = {
			isa = PBXProject;
			attributes = {
				BuildIndependentTargetsInParallel = 1;
				LastSwiftUpdateCheck = 1340;
				LastUpgradeCheck = 1340;
				TargetAttributes = {
					F975B34728A58D3D00E4225C = {
						CreatedOnToolsVersion = 13.4.1;
					};
				};
			};
			buildConfigurationList = F975B34328A58D3D00E4225C /* Build configuration list for PBXProject "Crypto App" */;
			compatibilityVersion = "Xcode 13.0";
			developmentRegion = en;
			hasScannedForEncodings = 0;
			knownRegions = (
				en,
				Base,
			);
			mainGroup = F975B33F28A58D3D00E4225C;
			productRefGroup = F975B34928A58D3D00E4225C /* Products */;
			projectDirPath = "";
			projectRoot = "";
			targets = (
				F975B34728A58D3D00E4225C /* Crypto App */,
			);
		};
/* End PBXProject section */

/* Begin PBXResourcesBuildPhase section */
		F975B34628A58D3D00E4225C /* Resources */ = {
			isa = PBXResourcesBuildPhase;
			buildActionMask = 2147483647;
			files = (
				F975B35328A58D3E00E4225C /* Preview Assets.xcassets in Resources */,
				F975B35028A58D3E00E4225C /* Assets.xcassets in Resources */,
			);
			runOnlyForDeploymentPostprocessing = 0;
		};
/* End PBXResourcesBuildPhase section */

/* Begin PBXSourcesBuildPhase section */
		F975B34428A58D3D00E4225C /* Sources */ = {
			isa = PBXSourcesBuildPhase;
			buildActionMask = 2147483647;
			files = (
				F975B34E28A58D3E00E4225C /* ContentView.swift in Sources */,
				F99FDA7228A59657001498BE /* HomeView.swift in Sources */,
				F975B34C28A58D3D00E4225C /* Crypto_AppApp.swift in Sources */,
				F99FDA7628A59765001498BE /* CircleButtonView.swift in Sources */,
				F99FDA6A28A5923D001498BE /* Color.swift in Sources */,
				F99FDA7828A59F3C001498BE /* CircleButtonAnimationView.swift in Sources */,
				F99FDA7B28A5A900001498BE /* Coin.swift in Sources */,
			);
			runOnlyForDeploymentPostprocessing = 0;
		};
/* End PBXSourcesBuildPhase section */

/* Begin XCBuildConfiguration section */
		F975B35428A58D3E00E4225C /* Debug */ = {
			isa = XCBuildConfiguration;
			buildSettings = {
				ALWAYS_SEARCH_USER_PATHS = NO;
				CLANG_ANALYZER_NONNULL = YES;
				CLANG_ANALYZER_NUMBER_OBJECT_CONVERSION = YES_AGGRESSIVE;
				CLANG_CXX_LANGUAGE_STANDARD = "gnu++17";
				CLANG_ENABLE_MODULES = YES;
				CLANG_ENABLE_OBJC_ARC = YES;
				CLANG_ENABLE_OBJC_WEAK = YES;
				CLANG_WARN_BLOCK_CAPTURE_AUTORELEASING = YES;
				CLANG_WARN_BOOL_CONVERSION = YES;
				CLANG_WARN_COMMA = YES;
				CLANG_WARN_CONSTANT_CONVERSION = YES;
				CLANG_WARN_DEPRECATED_OBJC_IMPLEMENTATIONS = YES;
				CLANG_WARN_DIRECT_OBJC_ISA_USAGE = YES_ERROR;
				CLANG_WARN_DOCUMENTATION_COMMENTS = YES;
				CLANG_WARN_EMPTY_BODY = YES;
				CLANG_WARN_ENUM_CONVERSION = YES;
				CLANG_WARN_INFINITE_RECURSION = YES;
				CLANG_WARN_INT_CONVERSION = YES;
				CLANG_WARN_NON_LITERAL_NULL_CONVERSION = YES;
				CLANG_WARN_OBJC_IMPLICIT_RETAIN_SELF = YES;
				CLANG_WARN_OBJC_LITERAL_CONVERSION = YES;
				CLANG_WARN_OBJC_ROOT_CLASS = YES_ERROR;
				CLANG_WARN_QUOTED_INCLUDE_IN_FRAMEWORK_HEADER = YES;
				CLANG_WARN_RANGE_LOOP_ANALYSIS = YES;
				CLANG_WARN_STRICT_PROTOTYPES = YES;
				CLANG_WARN_SUSPICIOUS_MOVE = YES;
				CLANG_WARN_UNGUARDED_AVAILABILITY = YES_AGGRESSIVE;
				CLANG_WARN_UNREACHABLE_CODE = YES;
				CLANG_WARN__DUPLICATE_METHOD_MATCH = YES;
				COPY_PHASE_STRIP = NO;
				DEBUG_INFORMATION_FORMAT = dwarf;
				ENABLE_STRICT_OBJC_MSGSEND = YES;
				ENABLE_TESTABILITY = YES;
				GCC_C_LANGUAGE_STANDARD = gnu11;
				GCC_DYNAMIC_NO_PIC = NO;
				GCC_NO_COMMON_BLOCKS = YES;
				GCC_OPTIMIZATION_LEVEL = 0;
				GCC_PREPROCESSOR_DEFINITIONS = (
					"DEBUG=1",
					"$(inherited)",
				);
				GCC_WARN_64_TO_32_BIT_CONVERSION = YES;
				GCC_WARN_ABOUT_RETURN_TYPE = YES_ERROR;
				GCC_WARN_UNDECLARED_SELECTOR = YES;
				GCC_WARN_UNINITIALIZED_AUTOS = YES_AGGRESSIVE;
				GCC_WARN_UNUSED_FUNCTION = YES;
				GCC_WARN_UNUSED_VARIABLE = YES;
				IPHONEOS_DEPLOYMENT_TARGET = 15.5;
				MTL_ENABLE_DEBUG_INFO = INCLUDE_SOURCE;
				MTL_FAST_MATH = YES;
				ONLY_ACTIVE_ARCH = YES;
				SDKROOT = iphoneos;
				SWIFT_ACTIVE_COMPILATION_CONDITIONS = DEBUG;
				SWIFT_OPTIMIZATION_LEVEL = "-Onone";
			};
			name = Debug;
		};
		F975B35528A58D3E00E4225C /* Release */ = {
			isa = XCBuildConfiguration;
			buildSettings = {
				ALWAYS_SEARCH_USER_PATHS = NO;
				CLANG_ANALYZER_NONNULL = YES;
				CLANG_ANALYZER_NUMBER_OBJECT_CONVERSION = YES_AGGRESSIVE;
				CLANG_CXX_LANGUAGE_STANDARD = "gnu++17";
				CLANG_ENABLE_MODULES = YES;
				CLANG_ENABLE_OBJC_ARC = YES;
				CLANG_ENABLE_OBJC_WEAK = YES;
				CLANG_WARN_BLOCK_CAPTURE_AUTORELEASING = YES;
				CLANG_WARN_BOOL_CONVERSION = YES;
				CLANG_WARN_COMMA = YES;
				CLANG_WARN_CONSTANT_CONVERSION = YES;
				CLANG_WARN_DEPRECATED_OBJC_IMPLEMENTATIONS = YES;
				CLANG_WARN_DIRECT_OBJC_ISA_USAGE = YES_ERROR;
				CLANG_WARN_DOCUMENTATION_COMMENTS = YES;
				CLANG_WARN_EMPTY_BODY = YES;
				CLANG_WARN_ENUM_CONVERSION = YES;
				CLANG_WARN_INFINITE_RECURSION = YES;
				CLANG_WARN_INT_CONVERSION = YES;
				CLANG_WARN_NON_LITERAL_NULL_CONVERSION = YES;
				CLANG_WARN_OBJC_IMPLICIT_RETAIN_SELF = YES;
				CLANG_WARN_OBJC_LITERAL_CONVERSION = YES;
				CLANG_WARN_OBJC_ROOT_CLASS = YES_ERROR;
				CLANG_WARN_QUOTED_INCLUDE_IN_FRAMEWORK_HEADER = YES;
				CLANG_WARN_RANGE_LOOP_ANALYSIS = YES;
				CLANG_WARN_STRICT_PROTOTYPES = YES;
				CLANG_WARN_SUSPICIOUS_MOVE = YES;
				CLANG_WARN_UNGUARDED_AVAILABILITY = YES_AGGRESSIVE;
				CLANG_WARN_UNREACHABLE_CODE = YES;
				CLANG_WARN__DUPLICATE_METHOD_MATCH = YES;
				COPY_PHASE_STRIP = NO;
				DEBUG_INFORMATION_FORMAT = "dwarf-with-dsym";
				ENABLE_NS_ASSERTIONS = NO;
				ENABLE_STRICT_OBJC_MSGSEND = YES;
				GCC_C_LANGUAGE_STANDARD = gnu11;
				GCC_NO_COMMON_BLOCKS = YES;
				GCC_WARN_64_TO_32_BIT_CONVERSION = YES;
				GCC_WARN_ABOUT_RETURN_TYPE = YES_ERROR;
				GCC_WARN_UNDECLARED_SELECTOR = YES;
				GCC_WARN_UNINITIALIZED_AUTOS = YES_AGGRESSIVE;
				GCC_WARN_UNUSED_FUNCTION = YES;
				GCC_WARN_UNUSED_VARIABLE = YES;
				IPHONEOS_DEPLOYMENT_TARGET = 15.5;
				MTL_ENABLE_DEBUG_INFO = NO;
				MTL_FAST_MATH = YES;
				SDKROOT = iphoneos;
				SWIFT_COMPILATION_MODE = wholemodule;
				SWIFT_OPTIMIZATION_LEVEL = "-O";
				VALIDATE_PRODUCT = YES;
			};
			name = Release;
		};
		F975B35728A58D3E00E4225C /* Debug */ = {
			isa = XCBuildConfiguration;
			buildSettings = {
				ASSETCATALOG_COMPILER_APPICON_NAME = AppIcon;
				ASSETCATALOG_COMPILER_GLOBAL_ACCENT_COLOR_NAME = AccentColor;
				CODE_SIGN_STYLE = Automatic;
				CURRENT_PROJECT_VERSION = 1;
				DEVELOPMENT_ASSET_PATHS = "\"Crypto App/Preview Content\"";
				DEVELOPMENT_TEAM = 38C44V4X68;
				ENABLE_PREVIEWS = YES;
				GENERATE_INFOPLIST_FILE = YES;
				INFOPLIST_KEY_UIApplicationSceneManifest_Generation = YES;
				INFOPLIST_KEY_UIApplicationSupportsIndirectInputEvents = YES;
				INFOPLIST_KEY_UILaunchScreen_Generation = YES;
				INFOPLIST_KEY_UISupportedInterfaceOrientations = UIInterfaceOrientationPortrait;
				INFOPLIST_KEY_UISupportedInterfaceOrientations_iPad = "UIInterfaceOrientationPortrait UIInterfaceOrientationPortraitUpsideDown UIInterfaceOrientationLandscapeLeft UIInterfaceOrientationLandscapeRight";
				INFOPLIST_KEY_UISupportedInterfaceOrientations_iPhone = "UIInterfaceOrientationPortrait UIInterfaceOrientationLandscapeLeft UIInterfaceOrientationLandscapeRight";
				LD_RUNPATH_SEARCH_PATHS = (
					"$(inherited)",
					"@executable_path/Frameworks",
				);
				MARKETING_VERSION = 1.0;
				PRODUCT_BUNDLE_IDENTIFIER = "com.nunomestre.Crypto-App";
				PRODUCT_NAME = "Crypto Tracker";
				SWIFT_EMIT_LOC_STRINGS = YES;
				SWIFT_VERSION = 5.0;
				TARGETED_DEVICE_FAMILY = "1,2";
			};
			name = Debug;
		};
		F975B35828A58D3E00E4225C /* Release */ = {
			isa = XCBuildConfiguration;
			buildSettings = {
				ASSETCATALOG_COMPILER_APPICON_NAME = AppIcon;
				ASSETCATALOG_COMPILER_GLOBAL_ACCENT_COLOR_NAME = AccentColor;
				CODE_SIGN_STYLE = Automatic;
				CURRENT_PROJECT_VERSION = 1;
				DEVELOPMENT_ASSET_PATHS = "\"Crypto App/Preview Content\"";
				DEVELOPMENT_TEAM = 38C44V4X68;
				ENABLE_PREVIEWS = YES;
				GENERATE_INFOPLIST_FILE = YES;
				INFOPLIST_KEY_UIApplicationSceneManifest_Generation = YES;
				INFOPLIST_KEY_UIApplicationSupportsIndirectInputEvents = YES;
				INFOPLIST_KEY_UILaunchScreen_Generation = YES;
				INFOPLIST_KEY_UISupportedInterfaceOrientations = UIInterfaceOrientationPortrait;
				INFOPLIST_KEY_UISupportedInterfaceOrientations_iPad = "UIInterfaceOrientationPortrait UIInterfaceOrientationPortraitUpsideDown UIInterfaceOrientationLandscapeLeft UIInterfaceOrientationLandscapeRight";
				INFOPLIST_KEY_UISupportedInterfaceOrientations_iPhone = "UIInterfaceOrientationPortrait UIInterfaceOrientationLandscapeLeft UIInterfaceOrientationLandscapeRight";
				LD_RUNPATH_SEARCH_PATHS = (
					"$(inherited)",
					"@executable_path/Frameworks",
				);
				MARKETING_VERSION = 1.0;
				PRODUCT_BUNDLE_IDENTIFIER = "com.nunomestre.Crypto-App";
				PRODUCT_NAME = "Crypto Tracker";
				SWIFT_EMIT_LOC_STRINGS = YES;
				SWIFT_VERSION = 5.0;
				TARGETED_DEVICE_FAMILY = "1,2";
			};
			name = Release;
		};
/* End XCBuildConfiguration section */

/* Begin XCConfigurationList section */
		F975B34328A58D3D00E4225C /* Build configuration list for PBXProject "Crypto App" */ = {
			isa = XCConfigurationList;
			buildConfigurations = (
				F975B35428A58D3E00E4225C /* Debug */,
				F975B35528A58D3E00E4225C /* Release */,
			);
			defaultConfigurationIsVisible = 0;
			defaultConfigurationName = Release;
		};
		F975B35628A58D3E00E4225C /* Build configuration list for PBXNativeTarget "Crypto App" */ = {
			isa = XCConfigurationList;
			buildConfigurations = (
				F975B35728A58D3E00E4225C /* Debug */,
				F975B35828A58D3E00E4225C /* Release */,
			);
			defaultConfigurationIsVisible = 0;
			defaultConfigurationName = Release;
		};
/* End XCConfigurationList section */
	};
	rootObject = F975B34028A58D3D00E4225C /* Project object */;
}
